
Microsoft Visual Studio Solution File, Format Version 12.00
# Visual Studio 15
VisualStudioVersion = 15.0.28307.421
MinimumVisualStudioVersion = 10.0.40219.1
Project("{FAE04EC0-301F-11D3-BF4B-00C04F79EFBC}") = "Guia2 Eva3", "Guia2 Eva3\Guia2 Eva3.csproj", "{55EC9126-B397-4709-8B9F-B3C6974FBD27}"
EndProject
Project("{FAE04EC0-301F-11D3-BF4B-00C04F79EFBC}") = "UltimoEjer G2 Eva3", "UltimoEjer G2 Eva3\UltimoEjer G2 Eva3.csproj", "{D8424698-FDFE-4A7A-83BB-B643F49B32B2}"
EndProject
Global
	GlobalSection(SolutionConfigurationPlatforms) = preSolution
		Debug|Any CPU = Debug|Any CPU
		Release|Any CPU = Release|Any CPU
	EndGlobalSection
	GlobalSection(ProjectConfigurationPlatforms) = postSolution
		{55EC9126-B397-4709-8B9F-B3C6974FBD27}.Debug|Any CPU.ActiveCfg = Debug|Any CPU
		{55EC9126-B397-4709-8B9F-B3C6974FBD27}.Debug|Any CPU.Build.0 = Debug|Any CPU
		{55EC9126-B397-4709-8B9F-B3C6974FBD27}.Release|Any CPU.ActiveCfg = Release|Any CPU
		{55EC9126-B397-4709-8B9F-B3C6974FBD27}.Release|Any CPU.Build.0 = Release|Any CPU
		{D8424698-FDFE-4A7A-83BB-B643F49B32B2}.Debug|Any CPU.ActiveCfg = Debug|Any CPU
		{D8424698-FDFE-4A7A-83BB-B643F49B32B2}.Debug|Any CPU.Build.0 = Debug|Any CPU
		{D8424698-FDFE-4A7A-83BB-B643F49B32B2}.Release|Any CPU.ActiveCfg = Release|Any CPU
		{D8424698-FDFE-4A7A-83BB-B643F49B32B2}.Release|Any CPU.Build.0 = Release|Any CPU
	EndGlobalSection
	GlobalSection(SolutionProperties) = preSolution
		HideSolutionNode = FALSE
	EndGlobalSection
	GlobalSection(ExtensibilityGlobals) = postSolution
		SolutionGuid = {68097FB6-C723-4B45-9833-0E94E2842FE1}
	EndGlobalSection
EndGlobal
